{
  "requires": true,
  "lockfileVersion": 1,
  "dependencies": {
    "pepjs": {
      "version": "0.5.2",
      "resolved": "https://registry.npmjs.org/pepjs/-/pepjs-0.5.2.tgz",
      "integrity": "sha512-acPfplXnTKaG8p7VBgkNaBJSGsZu7LYrqEmLCQFoeHYl21B74mMBeVoQA/Gl9u5GmysgzrOCeHsEjw0mXo61nw=="
    }
  }
}
